
Microsoft Visual Studio Solution File, Format Version 12.00
# Visual Studio Version 16
VisualStudioVersion = 16.0.31205.134
MinimumVisualStudioVersion = 10.0.40219.1
Project("{9A19103F-16F7-4668-BE54-9A1E7A4F7556}") = "VacationSchedule", "VacationSchedule\VacationSchedule.csproj", "{22072F9C-459B-4094-AE4B-73CDF37A8385}"
EndProject
Project("{9A19103F-16F7-4668-BE54-9A1E7A4F7556}") = "VacationUserControl", "UserControl\VacationUserControl.csproj", "{CCE92621-07A7-44E7-898E-F6FD15507F32}"
EndProject
Project("{FAE04EC0-301F-11D3-BF4B-00C04F79EFBC}") = "PersonVacationLib", "PersonVacationLib\PersonVacationLib.csproj", "{D0787844-7C78-465C-A1CB-00364600BEC8}"
EndProject
Global
	GlobalSection(SolutionConfigurationPlatforms) = preSolution
		Debug|Any CPU = Debug|Any CPU
		Release|Any CPU = Release|Any CPU
	EndGlobalSection
	GlobalSection(ProjectConfigurationPlatforms) = postSolution
		{22072F9C-459B-4094-AE4B-73CDF37A8385}.Debug|Any CPU.ActiveCfg = Debug|Any CPU
		{22072F9C-459B-4094-AE4B-73CDF37A8385}.Debug|Any CPU.Build.0 = Debug|Any CPU
		{22072F9C-459B-4094-AE4B-73CDF37A8385}.Release|Any CPU.ActiveCfg = Release|Any CPU
		{22072F9C-459B-4094-AE4B-73CDF37A8385}.Release|Any CPU.Build.0 = Release|Any CPU
		{CCE92621-07A7-44E7-898E-F6FD15507F32}.Debug|Any CPU.ActiveCfg = Debug|Any CPU
		{CCE92621-07A7-44E7-898E-F6FD15507F32}.Debug|Any CPU.Build.0 = Debug|Any CPU
		{CCE92621-07A7-44E7-898E-F6FD15507F32}.Release|Any CPU.ActiveCfg = Release|Any CPU
		{CCE92621-07A7-44E7-898E-F6FD15507F32}.Release|Any CPU.Build.0 = Release|Any CPU
		{D0787844-7C78-465C-A1CB-00364600BEC8}.Debug|Any CPU.ActiveCfg = Debug|Any CPU
		{D0787844-7C78-465C-A1CB-00364600BEC8}.Debug|Any CPU.Build.0 = Debug|Any CPU
		{D0787844-7C78-465C-A1CB-00364600BEC8}.Release|Any CPU.ActiveCfg = Release|Any CPU
		{D0787844-7C78-465C-A1CB-00364600BEC8}.Release|Any CPU.Build.0 = Release|Any CPU
	EndGlobalSection
	GlobalSection(SolutionProperties) = preSolution
		HideSolutionNode = FALSE
	EndGlobalSection
	GlobalSection(ExtensibilityGlobals) = postSolution
		SolutionGuid = {B294B2BA-C8AC-4F14-B71C-737469DC1827}
	EndGlobalSection
EndGlobal
